
Microsoft Visual Studio Solution File, Format Version 12.00
# Visual Studio Version 16
VisualStudioVersion = 16.0.31129.286
MinimumVisualStudioVersion = 10.0.40219.1
Project("{FAE04EC0-301F-11D3-BF4B-00C04F79EFBC}") = "PC_INFO", "PC_INFO\PC_INFO.csproj", "{654F811B-7A63-4C21-AF18-E7E3EDA557C7}"
EndProject
Global
	GlobalSection(SolutionConfigurationPlatforms) = preSolution
		Debug|Any CPU = Debug|Any CPU
		Release|Any CPU = Release|Any CPU
	EndGlobalSection
	GlobalSection(ProjectConfigurationPlatforms) = postSolution
		{654F811B-7A63-4C21-AF18-E7E3EDA557C7}.Debug|Any CPU.ActiveCfg = Debug|Any CPU
		{654F811B-7A63-4C21-AF18-E7E3EDA557C7}.Debug|Any CPU.Build.0 = Debug|Any CPU
		{654F811B-7A63-4C21-AF18-E7E3EDA557C7}.Release|Any CPU.ActiveCfg = Release|Any CPU
		{654F811B-7A63-4C21-AF18-E7E3EDA557C7}.Release|Any CPU.Build.0 = Release|Any CPU
	EndGlobalSection
	GlobalSection(SolutionProperties) = preSolution
		HideSolutionNode = FALSE
	EndGlobalSection
	GlobalSection(ExtensibilityGlobals) = postSolution
		SolutionGuid = {6958C9C7-707B-4D4E-B200-9B3D46C4F847}
	EndGlobalSection
EndGlobal
